PODS:
  - Euromsg (2.6.6)
  - Flutter (1.0.0)
  - relateddigital_flutter (0.5.2):
    - Euromsg (= 2.6.6)
    - Flutter
    - VisilabsIOS (= 3.9.8)
  - shared_preferences_ios (0.0.1):
    - Flutter
  - VisilabsIOS (3.9.8)

DEPENDENCIES:
  - Euromsg
  - Flutter (from `Flutter`)
  - relateddigital_flutter (from `.symlinks/plugins/relateddigital_flutter/ios`)
  - shared_preferences_ios (from `.symlinks/plugins/shared_preferences_ios/ios`)

SPEC REPOS:
  trunk:
    - Euromsg
    - VisilabsIOS

EXTERNAL SOURCES:
  Flutter:
    :path: Flutter
  relateddigital_flutter:
    :path: ".symlinks/plugins/relateddigital_flutter/ios"
  shared_preferences_ios:
    :path: ".symlinks/plugins/shared_preferences_ios/ios"

SPEC CHECKSUMS:
  Euromsg: 4eb7fbca09e09266fdc2fdbec22ecead3267e56f
  Flutter: 50d75fe2f02b26cc09d224853bb45737f8b3214a
  relateddigital_flutter: d5ec72215e0ec04adf2bcd57bb2d86bd7189e25b
  shared_preferences_ios: 548a61f8053b9b8a49ac19c1ffbc8b92c50d68ad
  VisilabsIOS: 7d26192178aba7f7113f30f0dd4ecf3773a917aa

PODFILE CHECKSUM: 3196bddfb8be38cd33ca5211b2b2c84ea6e0c5d4

COCOAPODS: 1.11.3
