PODS:
  - Euromsg (2.7.2)
  - Flutter (1.0.0)
  - relateddigital_flutter (0.5.2):
    - Euromsg (= 2.7.2)
    - Flutter
    - VisilabsIOS (= 4.5.2)
  - shared_preferences_foundation (0.0.1):
    - Flutter
    - FlutterMacOS
  - VisilabsIOS (4.5.2)

DEPENDENCIES:
  - Euromsg
  - Flutter (from `Flutter`)
  - relateddigital_flutter (from `.symlinks/plugins/relateddigital_flutter/ios`)
  - shared_preferences_foundation (from `.symlinks/plugins/shared_preferences_foundation/darwin`)

SPEC REPOS:
  trunk:
    - Euromsg
    - VisilabsIOS

EXTERNAL SOURCES:
  Flutter:
    :path: Flutter
  relateddigital_flutter:
    :path: ".symlinks/plugins/relateddigital_flutter/ios"
  shared_preferences_foundation:
    :path: ".symlinks/plugins/shared_preferences_foundation/darwin"

SPEC CHECKSUMS:
  Euromsg: e8c25dcdd4831f875adc7d2ac851cbd09e6da562
  Flutter: e0871f40cf51350855a761d2e70bf5af5b9b5de7
  relateddigital_flutter: 43d597e8363cdbea84d995ae4c6afa92f618f332
  shared_preferences_foundation: 9e1978ff2562383bd5676f64ec4e9aa8fa06a6f7
  VisilabsIOS: 72a75ab53d4e419508d634acc8f87658a5a19c41

PODFILE CHECKSUM: c7ccb6baf6f7502134595714b82a1c47ad89d0e3

COCOAPODS: 1.16.2
